{
  "name": "playervox-overcrow-creators",
  "version": "1.0.0",
  "lockfileVersion": 3,
  "requires": true,
  "packages": {
    "": {
      "name": "playervox-overcrow-creators",
      "version": "1.0.0",
      "license": "MIT",
      "devDependencies": {
        "lucide-static": "1.47.0",
        "prettier": "3.9.8"
      },
      "engines": {
        "node": ">=22.18.0"
      }
    },
    "node_modules/lucide-static": {
      "version": "1.47.0",
      "resolved": "https://registry.npmjs.org/lucide-static/-/lucide-static-1.47.0.tgz",
      "integrity": "sha512-yWIrkdXc688Feq5VjOktsKmV5Ikc7y5Nu3rrdtbr8nWjkJWk8QlnZfVtIak22Af+fNhZ7k4cTJpZo1zmj7X5sA==",
      "dev": true,
      "license": "ISC"
    },
    "node_modules/prettier": {
      "version": "3.9.8",
      "resolved": "https://registry.npmjs.org/prettier/-/prettier-3.9.8.tgz",
      "integrity": "sha512-WRFq3Wn3WId7LLROfMLdH7xaFr2jR62wU8nLO6rQUOLOxNZUviyJQs1M0iIhLexSFy+L+w0ch66wtoO2jRjG0A==",
      "dev": true,
      "license": "MIT",
      "bin": {
        "prettier": "bin/prettier.cjs"
      },
      "engines": {
        "node": ">=14"
      },
      "funding": {
        "url": "https://github.com/prettier/prettier?sponsor=1"
      }
    }
  }
}
